
Microsoft Visual Studio Solution File, Format Version 12.00
# Visual Studio 15
Project("{FAE04EC0-301F-11D3-BF4B-00C04F79EFBC}") = "MedicineCabinet_UI", "MedicineCabinet_UI\MedicineCabinet_UI.csproj", "{EAFA34D9-DCB7-4640-910B-C6F16CD4CFAD}"
EndProject
Global
	GlobalSection(SolutionConfigurationPlatforms) = preSolution
		Debug|Any CPU = Debug|Any CPU
		Release|Any CPU = Release|Any CPU
	EndGlobalSection
	GlobalSection(ProjectConfigurationPlatforms) = postSolution
		{EAFA34D9-DCB7-4640-910B-C6F16CD4CFAD}.Debug|Any CPU.ActiveCfg = Debug|Any CPU
		{EAFA34D9-DCB7-4640-910B-C6F16CD4CFAD}.Debug|Any CPU.Build.0 = Debug|Any CPU
		{EAFA34D9-DCB7-4640-910B-C6F16CD4CFAD}.Release|Any CPU.ActiveCfg = Release|Any CPU
		{EAFA34D9-DCB7-4640-910B-C6F16CD4CFAD}.Release|Any CPU.Build.0 = Release|Any CPU
	EndGlobalSection
EndGlobal
